<?xml version="1.0" encoding="utf-8"?>
<Project ToolsVersion="4.0" xmlns="http://schemas.microsoft.com/developer/msbuild/2003">
  <ItemGroup>
    <Filter Include="src">
      <UniqueIdentifier>{8282b79e-b9d7-4ea8-8748-7cab7b03e552}</UniqueIdentifier>
    </Filter>
    <Filter Include="test">
      <UniqueIdentifier>{1b992255-6a75-4753-bd7f-2cfbd26df493}</UniqueIdentifier>
    </Filter>
    <Filter Include="src\headers">
      <UniqueIdentifier>{86a15235-3b30-4103-962e-2250f57ef293}</UniqueIdentifier>
    </Filter>
    <Filter Include="config">
      <UniqueIdentifier>{3118afe8-743f-4dea-8b91-0ba711db49e7}</UniqueIdentifier>
    </Filter>
  </ItemGroup>
  <ItemGroup>
    <ClCompile Include="src\bitmask.c">
      <Filter>src</Filter>
    </ClCompile>
    <ClCompile Include="src\body.c">
      <Filter>src</Filter>
    </ClCompile>
    <ClCompile Include="src\buselfs.c">
      <Filter>src</Filter>
    </ClCompile>
    <ClCompile Include="src\crypt.c">
      <Filter>src</Filter>
    </ClCompile>
    <ClCompile Include="src\head.c">
      <Filter>src</Filter>
    </ClCompile>
    <ClCompile Include="src\interact.c">
      <Filter>src</Filter>
    </ClCompile>
    <ClCompile Include="src\io.c">
      <Filter>src</Filter>
    </ClCompile>
    <ClCompile Include="src\journal.c">
      <Filter>src</Filter>
    </ClCompile>
    <ClCompile Include="src\keycount.c">
      <Filter>src</Filter>
    </ClCompile>
    <ClCompile Include="test\test_bitmask.c">
      <Filter>test</Filter>
    </ClCompile>
    <ClCompile Include="test\test_body.c">
      <Filter>test</Filter>
    </ClCompile>
    <ClCompile Include="test\test_buselfs.c">
      <Filter>test</Filter>
    </ClCompile>
    <ClCompile Include="test\test_crypt.c">
      <Filter>test</Filter>
    </ClCompile>
    <ClCompile Include="test\test_head.c">
      <Filter>test</Filter>
    </ClCompile>
    <ClCompile Include="test\test_interact.c">
      <Filter>test</Filter>
    </ClCompile>
    <ClCompile Include="test\test_io.c">
      <Filter>test</Filter>
    </ClCompile>
    <ClCompile Include="test\test_journal.c">
      <Filter>test</Filter>
    </ClCompile>
    <ClCompile Include="test\test_keycount.c">
      <Filter>test</Filter>
    </ClCompile>
  </ItemGroup>
  <ItemGroup>
    <ClInclude Include="src\bitmask.h">
      <Filter>src\headers</Filter>
    </ClInclude>
    <ClInclude Include="src\body.h">
      <Filter>src\headers</Filter>
    </ClInclude>
    <ClInclude Include="src\constants.h">
      <Filter>src\headers</Filter>
    </ClInclude>
    <ClInclude Include="src\crypt.h">
      <Filter>src\headers</Filter>
    </ClInclude>
    <ClInclude Include="src\head.h">
      <Filter>src\headers</Filter>
    </ClInclude>
    <ClInclude Include="src\interact.h">
      <Filter>src\headers</Filter>
    </ClInclude>
    <ClInclude Include="src\io.h">
      <Filter>src\headers</Filter>
    </ClInclude>
    <ClInclude Include="src\journal.h">
      <Filter>src\headers</Filter>
    </ClInclude>
    <ClInclude Include="src\keycount.h">
      <Filter>src\headers</Filter>
    </ClInclude>
    <ClInclude Include="config\cexception_config.h">
      <Filter>config</Filter>
    </ClInclude>
    <ClInclude Include="config\unity_config.h">
      <Filter>config</Filter>
    </ClInclude>
  </ItemGroup>
  <ItemGroup>
    <None Include="README.md" />
    <None Include="Makefile" />
    <None Include="config\cmock_config.yml">
      <Filter>config</Filter>
    </None>
    <None Include="config\unity_runner.yml">
      <Filter>config</Filter>
    </None>
    <None Include="config\zlog_conf.conf">
      <Filter>config</Filter>
    </None>
  </ItemGroup>
</Project>